
Microsoft Visual Studio Solution File, Format Version 12.00
# Visual Studio 2017
Project("{FAE04EC0-301F-11D3-BF4B-00C04F79EFBC}") = "HowToMakeAVideoGame.Plugins", "HowToMakeAVideoGame.Plugins.csproj", "{917E3282-4632-AD0A-F7D7-EF6056C5272A}"
EndProject
Project("{FAE04EC0-301F-11D3-BF4B-00C04F79EFBC}") = "HowToMakeAVideoGame", "HowToMakeAVideoGame.csproj", "{5E5F4C72-FC0C-AAB7-EAAD-0BDAEFC3DC50}"
EndProject
Project("{FAE04EC0-301F-11D3-BF4B-00C04F79EFBC}") = "HowToMakeAVideoGame.Editor.Plugins", "HowToMakeAVideoGame.Editor.Plugins.csproj", "{3CD39566-E3E1-D044-5C2D-56AAEF80543F}"
EndProject
Global
	GlobalSection(SolutionConfigurationPlatforms) = preSolution
		Debug|Any CPU = Debug|Any CPU
		Release|Any CPU = Release|Any CPU
	EndGlobalSection
	GlobalSection(ProjectConfigurationPlatforms) = postSolution
		{917E3282-4632-AD0A-F7D7-EF6056C5272A}.Debug|Any CPU.ActiveCfg = Debug|Any CPU
		{917E3282-4632-AD0A-F7D7-EF6056C5272A}.Debug|Any CPU.Build.0 = Debug|Any CPU
		{917E3282-4632-AD0A-F7D7-EF6056C5272A}.Release|Any CPU.ActiveCfg = Release|Any CPU
		{917E3282-4632-AD0A-F7D7-EF6056C5272A}.Release|Any CPU.Build.0 = Release|Any CPU
		{5E5F4C72-FC0C-AAB7-EAAD-0BDAEFC3DC50}.Debug|Any CPU.ActiveCfg = Debug|Any CPU
		{5E5F4C72-FC0C-AAB7-EAAD-0BDAEFC3DC50}.Debug|Any CPU.Build.0 = Debug|Any CPU
		{5E5F4C72-FC0C-AAB7-EAAD-0BDAEFC3DC50}.Release|Any CPU.ActiveCfg = Release|Any CPU
		{5E5F4C72-FC0C-AAB7-EAAD-0BDAEFC3DC50}.Release|Any CPU.Build.0 = Release|Any CPU
		{3CD39566-E3E1-D044-5C2D-56AAEF80543F}.Debug|Any CPU.ActiveCfg = Debug|Any CPU
		{3CD39566-E3E1-D044-5C2D-56AAEF80543F}.Debug|Any CPU.Build.0 = Debug|Any CPU
		{3CD39566-E3E1-D044-5C2D-56AAEF80543F}.Release|Any CPU.ActiveCfg = Release|Any CPU
		{3CD39566-E3E1-D044-5C2D-56AAEF80543F}.Release|Any CPU.Build.0 = Release|Any CPU
	EndGlobalSection
	GlobalSection(SolutionProperties) = preSolution
		HideSolutionNode = FALSE
	EndGlobalSection
EndGlobal
