
Microsoft Visual Studio Solution File, Format Version 12.00
# Visual Studio 2017
Project("{FAE04EC0-301F-11D3-BF4B-00C04F79EFBC}") = "MultiplayerFpS", "MultiplayerFpS.csproj", "{D6C3783A-1A65-351F-FCAC-E44829537FB8}"
EndProject
Project("{FAE04EC0-301F-11D3-BF4B-00C04F79EFBC}") = "MultiplayerFpS.Plugins", "MultiplayerFpS.Plugins.csproj", "{5099CE45-E2F3-0702-350F-1C29E7660F8C}"
EndProject
Project("{FAE04EC0-301F-11D3-BF4B-00C04F79EFBC}") = "MultiplayerFpS.Editor.Plugins", "MultiplayerFpS.Editor.Plugins.csproj", "{9012FA07-9B07-3F0D-624C-D8F6CE53B4DA}"
EndProject
Global
	GlobalSection(SolutionConfigurationPlatforms) = preSolution
		Debug|Any CPU = Debug|Any CPU
		Release|Any CPU = Release|Any CPU
	EndGlobalSection
	GlobalSection(ProjectConfigurationPlatforms) = postSolution
		{D6C3783A-1A65-351F-FCAC-E44829537FB8}.Debug|Any CPU.ActiveCfg = Debug|Any CPU
		{D6C3783A-1A65-351F-FCAC-E44829537FB8}.Debug|Any CPU.Build.0 = Debug|Any CPU
		{D6C3783A-1A65-351F-FCAC-E44829537FB8}.Release|Any CPU.ActiveCfg = Release|Any CPU
		{D6C3783A-1A65-351F-FCAC-E44829537FB8}.Release|Any CPU.Build.0 = Release|Any CPU
		{5099CE45-E2F3-0702-350F-1C29E7660F8C}.Debug|Any CPU.ActiveCfg = Debug|Any CPU
		{5099CE45-E2F3-0702-350F-1C29E7660F8C}.Debug|Any CPU.Build.0 = Debug|Any CPU
		{5099CE45-E2F3-0702-350F-1C29E7660F8C}.Release|Any CPU.ActiveCfg = Release|Any CPU
		{5099CE45-E2F3-0702-350F-1C29E7660F8C}.Release|Any CPU.Build.0 = Release|Any CPU
		{9012FA07-9B07-3F0D-624C-D8F6CE53B4DA}.Debug|Any CPU.ActiveCfg = Debug|Any CPU
		{9012FA07-9B07-3F0D-624C-D8F6CE53B4DA}.Debug|Any CPU.Build.0 = Debug|Any CPU
		{9012FA07-9B07-3F0D-624C-D8F6CE53B4DA}.Release|Any CPU.ActiveCfg = Release|Any CPU
		{9012FA07-9B07-3F0D-624C-D8F6CE53B4DA}.Release|Any CPU.Build.0 = Release|Any CPU
	EndGlobalSection
	GlobalSection(SolutionProperties) = preSolution
		HideSolutionNode = FALSE
	EndGlobalSection
EndGlobal
